
Microsoft Visual Studio Solution File, Format Version 12.00
# Visual Studio Version 17
VisualStudioVersion = 17.0.31903.59
MinimumVisualStudioVersion = 10.0.40219.1
Project("{9A19103F-16F7-4668-BE54-9A1E7A4F7556}") = "API", "API\API.csproj", "{66A892F9-EE8C-46AA-A6B8-29F2BCE941C4}"
EndProject
Project("{9A19103F-16F7-4668-BE54-9A1E7A4F7556}") = "Application", "Application\Application.csproj", "{CA300B94-9403-4BDD-9F67-978AC3C41E90}"
EndProject
Project("{9A19103F-16F7-4668-BE54-9A1E7A4F7556}") = "Domain", "Domain\Domain.csproj", "{FE50EFC7-D8EA-4B21-B87E-7CCCF886A39E}"
EndProject
Project("{9A19103F-16F7-4668-BE54-9A1E7A4F7556}") = "Persistence", "Persistence\Persistence.csproj", "{899499D2-B62D-4CDF-978F-7245ED2C2A4B}"
EndProject
Global
	GlobalSection(SolutionConfigurationPlatforms) = preSolution
		Debug|Any CPU = Debug|Any CPU
		Release|Any CPU = Release|Any CPU
	EndGlobalSection
	GlobalSection(ProjectConfigurationPlatforms) = postSolution
		{66A892F9-EE8C-46AA-A6B8-29F2BCE941C4}.Debug|Any CPU.ActiveCfg = Debug|Any CPU
		{66A892F9-EE8C-46AA-A6B8-29F2BCE941C4}.Debug|Any CPU.Build.0 = Debug|Any CPU
		{66A892F9-EE8C-46AA-A6B8-29F2BCE941C4}.Release|Any CPU.ActiveCfg = Release|Any CPU
		{66A892F9-EE8C-46AA-A6B8-29F2BCE941C4}.Release|Any CPU.Build.0 = Release|Any CPU
		{CA300B94-9403-4BDD-9F67-978AC3C41E90}.Debug|Any CPU.ActiveCfg = Debug|Any CPU
		{CA300B94-9403-4BDD-9F67-978AC3C41E90}.Debug|Any CPU.Build.0 = Debug|Any CPU
		{CA300B94-9403-4BDD-9F67-978AC3C41E90}.Release|Any CPU.ActiveCfg = Release|Any CPU
		{CA300B94-9403-4BDD-9F67-978AC3C41E90}.Release|Any CPU.Build.0 = Release|Any CPU
		{FE50EFC7-D8EA-4B21-B87E-7CCCF886A39E}.Debug|Any CPU.ActiveCfg = Debug|Any CPU
		{FE50EFC7-D8EA-4B21-B87E-7CCCF886A39E}.Debug|Any CPU.Build.0 = Debug|Any CPU
		{FE50EFC7-D8EA-4B21-B87E-7CCCF886A39E}.Release|Any CPU.ActiveCfg = Release|Any CPU
		{FE50EFC7-D8EA-4B21-B87E-7CCCF886A39E}.Release|Any CPU.Build.0 = Release|Any CPU
		{899499D2-B62D-4CDF-978F-7245ED2C2A4B}.Debug|Any CPU.ActiveCfg = Debug|Any CPU
		{899499D2-B62D-4CDF-978F-7245ED2C2A4B}.Debug|Any CPU.Build.0 = Debug|Any CPU
		{899499D2-B62D-4CDF-978F-7245ED2C2A4B}.Release|Any CPU.ActiveCfg = Release|Any CPU
		{899499D2-B62D-4CDF-978F-7245ED2C2A4B}.Release|Any CPU.Build.0 = Release|Any CPU
	EndGlobalSection
	GlobalSection(SolutionProperties) = preSolution
		HideSolutionNode = FALSE
	EndGlobalSection
EndGlobal
